
Microsoft Visual Studio Solution File, Format Version 12.00
# Visual Studio Version 16
VisualStudioVersion = 16.0.31205.134
MinimumVisualStudioVersion = 10.0.40219.1
Project("{888888A0-9F3D-457C-B088-3A5042F75D52}") = "Hello World", "Hello World\Hello World.pyproj", "{AC3CD1B5-903C-4AD3-980F-4A600C11B858}"
EndProject
Global
	GlobalSection(SolutionConfigurationPlatforms) = preSolution
		Debug|Any CPU = Debug|Any CPU
		Release|Any CPU = Release|Any CPU
	EndGlobalSection
	GlobalSection(ProjectConfigurationPlatforms) = postSolution
		{AC3CD1B5-903C-4AD3-980F-4A600C11B858}.Debug|Any CPU.ActiveCfg = Debug|Any CPU
		{AC3CD1B5-903C-4AD3-980F-4A600C11B858}.Release|Any CPU.ActiveCfg = Release|Any CPU
	EndGlobalSection
	GlobalSection(SolutionProperties) = preSolution
		HideSolutionNode = FALSE
	EndGlobalSection
	GlobalSection(ExtensibilityGlobals) = postSolution
		SolutionGuid = {30702C69-ED8D-427F-A6F1-A3602488C20C}
	EndGlobalSection
EndGlobal
